// !$*UTF8*$!
{
	archiveVersion = 1;
	classes = {
	};
	objectVersion = 46;
	objects = {

/* Begin PBXBuildFile section */
		656DE8001B517FCE0096C07E /* AppDelegate.swift in Sources */ = {isa = PBXBuildFile; fileRef = 656DE7FF1B517FCE0096C07E /* AppDelegate.swift */; };
		656DE8021B517FCE0096C07E /* ViewController.swift in Sources */ = {isa = PBXBuildFile; fileRef = 656DE8011B517FCE0096C07E /* ViewController.swift */; };
		656DE8051B517FCE0096C07E /* Main.storyboard in Resources */ = {isa = PBXBuildFile; fileRef = 656DE8031B517FCE0096C07E /* Main.storyboard */; };
		656DE8071B517FCE0096C07E /* Images.xcassets in Resources */ = {isa = PBXBuildFile; fileRef = 656DE8061B517FCE0096C07E /* Images.xcassets */; };
		656DE80A1B517FCE0096C07E /* LaunchScreen.xib in Resources */ = {isa = PBXBuildFile; fileRef = 656DE8081B517FCE0096C07E /* LaunchScreen.xib */; };
		656DE8161B517FCF0096C07E /* iOSDev2015Tests.swift in Sources */ = {isa = PBXBuildFile; fileRef = 656DE8151B517FCF0096C07E /* iOSDev2015Tests.swift */; };
/* End PBXBuildFile section */

/* Begin PBXContainerItemProxy section */
		656DE8101B517FCF0096C07E /* PBXContainerItemProxy */ = {
			isa = PBXContainerItemProxy;
			containerPortal = 656DE7F21B517FCE0096C07E /* Project object */;
			proxyType = 1;
			remoteGlobalIDString = 656DE7F91B517FCE0096C07E;
			remoteInfo = iOSDev2015;
		};
/* End PBXContainerItemProxy section */

/* Begin PBXFileReference section */
		656DE7FA1B517FCE0096C07E /* iOSDev2015.app */ = {isa = PBXFileReference; explicitFileType = wrapper.application; includeInIndex = 0; path = iOSDev2015.app; sourceTree = BUILT_PRODUCTS_DIR; };
		656DE7FE1B517FCE0096C07E /* Info.plist */ = {isa = PBXFileReference; lastKnownFileType = text.plist.xml; path = Info.plist; sourceTree = "<group>"; };
		656DE7FF1B517FCE0096C07E /* AppDelegate.swift */ = {isa = PBXFileReference; lastKnownFileType = sourcecode.swift; path = AppDelegate.swift; sourceTree = "<group>"; };
		656DE8011B517FCE0096C07E /* ViewController.swift */ = {isa = PBXFileReference; lastKnownFileType = sourcecode.swift; path = ViewController.swift; sourceTree = "<group>"; };
		656DE8041B517FCE0096C07E /* Base */ = {isa = PBXFileReference; lastKnownFileType = file.storyboard; name = Base; path = Base.lproj/Main.storyboard; sourceTree = "<group>"; };
		656DE8061B517FCE0096C07E /* Images.xcassets */ = {isa = PBXFileReference; lastKnownFileType = folder.assetcatalog; path = Images.xcassets; sourceTree = "<group>"; };
		656DE8091B517FCE0096C07E /* Base */ = {isa = PBXFileReference; lastKnownFileType = file.xib; name = Base; path = Base.lproj/LaunchScreen.xib; sourceTree = "<group>"; };
		656DE80F1B517FCF0096C07E /* iOSDev2015Tests.xctest */ = {isa = PBXFileReference; explicitFileType = wrapper.cfbundle; includeInIndex = 0; path = iOSDev2015Tests.xctest; sourceTree = BUILT_PRODUCTS_DIR; };
		656DE8141B517FCF0096C07E /* Info.plist */ = {isa = PBXFileReference; lastKnownFileType = text.plist.xml; path = Info.plist; sourceTree = "<group>"; };
		656DE8151B517FCF0096C07E /* iOSDev2015Tests.swift */ = {isa = PBXFileReference; lastKnownFileType = sourcecode.swift; path = iOSDev2015Tests.swift; sourceTree = "<group>"; };
/* End PBXFileReference section */

/* Begin PBXFrameworksBuildPhase section */
		656DE7F71B517FCE0096C07E /* Frameworks */ = {
			isa = PBXFrameworksBuildPhase;
			buildActionMask = 2147483647;
			files = (
			);
			runOnlyForDeploymentPostprocessing = 0;
		};
		656DE80C1B517FCF0096C07E /* Frameworks */ = {
			isa = PBXFrameworksBuildPhase;
			buildActionMask = 2147483647;
			files = (
			);
			runOnlyForDeploymentPostprocessing = 0;
		};
/* End PBXFrameworksBuildPhase section */

/* Begin PBXGroup section */
		656DE7F11B517FCE0096C07E = {
			isa = PBXGroup;
			children = (
				656DE7FC1B517FCE0096C07E /* iOSDev2015 */,
				656DE8121B517FCF0096C07E /* iOSDev2015Tests */,
				656DE7FB1B517FCE0096C07E /* Products */,
			);
			sourceTree = "<group>";
		};
		656DE7FB1B517FCE0096C07E /* Products */ = {
			isa = PBXGroup;
			children = (
				656DE7FA1B517FCE0096C07E /* iOSDev2015.app */,
				656DE80F1B517FCF0096C07E /* iOSDev2015Tests.xctest */,
			);
			name = Products;
			sourceTree = "<group>";
		};
		656DE7FC1B517FCE0096C07E /* iOSDev2015 */ = {
			isa = PBXGroup;
			children = (
				656DE7FF1B517FCE0096C07E /* AppDelegate.swift */,
				656DE8011B517FCE0096C07E /* ViewController.swift */,
				656DE8031B517FCE0096C07E /* Main.storyboard */,
				656DE8061B517FCE0096C07E /* Images.xcassets */,
				656DE8081B517FCE0096C07E /* LaunchScreen.xib */,
				656DE7FD1B517FCE0096C07E /* Supporting Files */,
			);
			path = iOSDev2015;
			sourceTree = "<group>";
		};
		656DE7FD1B517FCE0096C07E /* Supporting Files */ = {
			isa = PBXGroup;
			children = (
				656DE7FE1B517FCE0096C07E /* Info.plist */,
			);
			name = "Supporting Files";
			sourceTree = "<group>";
		};
		656DE8121B517FCF0096C07E /* iOSDev2015Tests */ = {
			isa = PBXGroup;
			children = (
				656DE8151B517FCF0096C07E /* iOSDev2015Tests.swift */,
				656DE8131B517FCF0096C07E /* Supporting Files */,
			);
			path = iOSDev2015Tests;
			sourceTree = "<group>";
		};
		656DE8131B517FCF0096C07E /* Supporting Files */ = {
			isa = PBXGroup;
			children = (
				656DE8141B517FCF0096C07E /* Info.plist */,
			);
			name = "Supporting Files";
			sourceTree = "<group>";
		};
/* End PBXGroup section */

/* Begin PBXNativeTarget section */
		656DE7F91B517FCE0096C07E /* iOSDev2015 */ = {
			isa = PBXNativeTarget;
			buildConfigurationList = 656DE8191B517FCF0096C07E /* Build configuration list for PBXNativeTarget "iOSDev2015" */;
			buildPhases = (
				656DE7F61B517FCE0096C07E /* Sources */,
				656DE7F71B517FCE0096C07E /* Frameworks */,
				656DE7F81B517FCE0096C07E /* Resources */,
			);
			buildRules = (
			);
			dependencies = (
			);
			name = iOSDev2015;
			productName = iOSDev2015;
			productReference = 656DE7FA1B517FCE0096C07E /* iOSDev2015.app */;
			productType = "com.apple.product-type.application";
		};
		656DE80E1B517FCF0096C07E /* iOSDev2015Tests */ = {
			isa = PBXNativeTarget;
			buildConfigurationList = 656DE81C1B517FCF0096C07E /* Build configuration list for PBXNativeTarget "iOSDev2015Tests" */;
			buildPhases = (
				656DE80B1B517FCF0096C07E /* Sources */,
				656DE80C1B517FCF0096C07E /* Frameworks */,
				656DE80D1B517FCF0096C07E /* Resources */,
			);
			buildRules = (
			);
			dependencies = (
				656DE8111B517FCF0096C07E /* PBXTargetDependency */,
			);
			name = iOSDev2015Tests;
			productName = iOSDev2015Tests;
			productReference = 656DE80F1B517FCF0096C07E /* iOSDev2015Tests.xctest */;
			productType = "com.apple.product-type.bundle.unit-test";
		};
/* End PBXNativeTarget section */

/* Begin PBXProject section */
		656DE7F21B517FCE0096C07E /* Project object */ = {
			isa = PBXProject;
			attributes = {
				LastUpgradeCheck = 0640;
				ORGANIZATIONNAME = "Daniel Richards";
				TargetAttributes = {
					656DE7F91B517FCE0096C07E = {
						CreatedOnToolsVersion = 6.4;
					};
					656DE80E1B517FCF0096C07E = {
						CreatedOnToolsVersion = 6.4;
						TestTargetID = 656DE7F91B517FCE0096C07E;
					};
				};
			};
			buildConfigurationList = 656DE7F51B517FCE0096C07E /* Build configuration list for PBXProject "iOSDev2015" */;
			compatibilityVersion = "Xcode 3.2";
			developmentRegion = English;
			hasScannedForEncodings = 0;
			knownRegions = (
				en,
				Base,
			);
			mainGroup = 656DE7F11B517FCE0096C07E;
			productRefGroup = 656DE7FB1B517FCE0096C07E /* Products */;
			projectDirPath = "";
			projectRoot = "";
			targets = (
				656DE7F91B517FCE0096C07E /* iOSDev2015 */,
				656DE80E1B517FCF0096C07E /* iOSDev2015Tests */,
			);
		};
/* End PBXProject section */

/* Begin PBXResourcesBuildPhase section */
		656DE7F81B517FCE0096C07E /* Resources */ = {
			isa = PBXResourcesBuildPhase;
			buildActionMask = 2147483647;
			files = (
				656DE8051B517FCE0096C07E /* Main.storyboard in Resources */,
				656DE80A1B517FCE0096C07E /* LaunchScreen.xib in Resources */,
				656DE8071B517FCE0096C07E /* Images.xcassets in Resources */,
			);
			runOnlyForDeploymentPostprocessing = 0;
		};
		656DE80D1B517FCF0096C07E /* Resources */ = {
			isa = PBXResourcesBuildPhase;
			buildActionMask = 2147483647;
			files = (
			);
			runOnlyForDeploymentPostprocessing = 0;
		};
/* End PBXResourcesBuildPhase section */

/* Begin PBXSourcesBuildPhase section */
		656DE7F61B517FCE0096C07E /* Sources */ = {
			isa = PBXSourcesBuildPhase;
			buildActionMask = 2147483647;
			files = (
				656DE8021B517FCE0096C07E /* ViewController.swift in Sources */,
				656DE8001B517FCE0096C07E /* AppDelegate.swift in Sources */,
			);
			runOnlyForDeploymentPostprocessing = 0;
		};
		656DE80B1B517FCF0096C07E /* Sources */ = {
			isa = PBXSourcesBuildPhase;
			buildActionMask = 2147483647;
			files = (
				656DE8161B517FCF0096C07E /* iOSDev2015Tests.swift in Sources */,
			);
			runOnlyForDeploymentPostprocessing = 0;
		};
/* End PBXSourcesBuildPhase section */

/* Begin PBXTargetDependency section */
		656DE8111B517FCF0096C07E /* PBXTargetDependency */ = {
			isa = PBXTargetDependency;
			target = 656DE7F91B517FCE0096C07E /* iOSDev2015 */;
			targetProxy = 656DE8101B517FCF0096C07E /* PBXContainerItemProxy */;
		};
/* End PBXTargetDependency section */

/* Begin PBXVariantGroup section */
		656DE8031B517FCE0096C07E /* Main.storyboard */ = {
			isa = PBXVariantGroup;
			children = (
				656DE8041B517FCE0096C07E /* Base */,
			);
			name = Main.storyboard;
			sourceTree = "<group>";
		};
		656DE8081B517FCE0096C07E /* LaunchScreen.xib */ = {
			isa = PBXVariantGroup;
			children = (
				656DE8091B517FCE0096C07E /* Base */,
			);
			name = LaunchScreen.xib;
			sourceTree = "<group>";
		};
/* End PBXVariantGroup section */

/* Begin XCBuildConfiguration section */
		656DE8171B517FCF0096C07E /* Debug */ = {
			isa = XCBuildConfiguration;
			buildSettings = {
				ALWAYS_SEARCH_USER_PATHS = NO;
				CLANG_CXX_LANGUAGE_STANDARD = "gnu++0x";
				CLANG_CXX_LIBRARY = "libc++";
				CLANG_ENABLE_MODULES = YES;
				CLANG_ENABLE_OBJC_ARC = YES;
				CLANG_WARN_BOOL_CONVERSION = YES;
				CLANG_WARN_CONSTANT_CONVERSION = YES;
				CLANG_WARN_DIRECT_OBJC_ISA_USAGE = YES_ERROR;
				CLANG_WARN_EMPTY_BODY = YES;
				CLANG_WARN_ENUM_CONVERSION = YES;
				CLANG_WARN_INT_CONVERSION = YES;
				CLANG_WARN_OBJC_ROOT_CLASS = YES_ERROR;
				CLANG_WARN_UNREACHABLE_CODE = YES;
				CLANG_WARN__DUPLICATE_METHOD_MATCH = YES;
				"CODE_SIGN_IDENTITY[sdk=iphoneos*]" = "iPhone Developer";
				COPY_PHASE_STRIP = NO;
				DEBUG_INFORMATION_FORMAT = "dwarf-with-dsym";
				ENABLE_STRICT_OBJC_MSGSEND = YES;
				GCC_C_LANGUAGE_STANDARD = gnu99;
				GCC_DYNAMIC_NO_PIC = NO;
				GCC_NO_COMMON_BLOCKS = YES;
				GCC_OPTIMIZATION_LEVEL = 0;
				GCC_PREPROCESSOR_DEFINITIONS = (
					"DEBUG=1",
					"$(inherited)",
				);
				GCC_SYMBOLS_PRIVATE_EXTERN = NO;
				GCC_WARN_64_TO_32_BIT_CONVERSION = YES;
				GCC_WARN_ABOUT_RETURN_TYPE = YES_ERROR;
				GCC_WARN_UNDECLARED_SELECTOR = YES;
				GCC_WARN_UNINITIALIZED_AUTOS = YES_AGGRESSIVE;
				GCC_WARN_UNUSED_FUNCTION = YES;
				GCC_WARN_UNUSED_VARIABLE = YES;
				IPHONEOS_DEPLOYMENT_TARGET = 8.4;
				MTL_ENABLE_DEBUG_INFO = YES;
				ONLY_ACTIVE_ARCH = YES;
				SDKROOT = iphoneos;
				SWIFT_OPTIMIZATION_LEVEL = "-Onone";
			};
			name = Debug;
		};
		656DE8181B517FCF0096C07E /* Release */ = {
			isa = XCBuildConfiguration;
			buildSettings = {
				ALWAYS_SEARCH_USER_PATHS = NO;
				CLANG_CXX_LANGUAGE_STANDARD = "gnu++0x";
				CLANG_CXX_LIBRARY = "libc++";
				CLANG_ENABLE_MODULES = YES;
				CLANG_ENABLE_OBJC_ARC = YES;
				CLANG_WARN_BOOL_CONVERSION = YES;
				CLANG_WARN_CONSTANT_CONVERSION = YES;
				CLANG_WARN_DIRECT_OBJC_ISA_USAGE = YES_ERROR;
				CLANG_WARN_EMPTY_BODY = YES;
				CLANG_WARN_ENUM_CONVERSION = YES;
				CLANG_WARN_INT_CONVERSION = YES;
				CLANG_WARN_OBJC_ROOT_CLASS = YES_ERROR;
				CLANG_WARN_UNREACHABLE_CODE = YES;
				CLANG_WARN__DUPLICATE_METHOD_MATCH = YES;
				"CODE_SIGN_IDENTITY[sdk=iphoneos*]" = "iPhone Developer";
				COPY_PHASE_STRIP = NO;
				DEBUG_INFORMATION_FORMAT = "dwarf-with-dsym";
				ENABLE_NS_ASSERTIONS = NO;
				ENABLE_STRICT_OBJC_MSGSEND = YES;
				GCC_C_LANGUAGE_STANDARD = gnu99;
				GCC_NO_COMMON_BLOCKS = YES;
				GCC_WARN_64_TO_32_BIT_CONVERSION = YES;
				GCC_WARN_ABOUT_RETURN_TYPE = YES_ERROR;
				GCC_WARN_UNDECLARED_SELECTOR = YES;
				GCC_WARN_UNINITIALIZED_AUTOS = YES_AGGRESSIVE;
				GCC_WARN_UNUSED_FUNCTION = YES;
				GCC_WARN_UNUSED_VARIABLE = YES;
				IPHONEOS_DEPLOYMENT_TARGET = 8.4;
				MTL_ENABLE_DEBUG_INFO = NO;
				SDKROOT = iphoneos;
				VALIDATE_PRODUCT = YES;
			};
			name = Release;
		};
		656DE81A1B517FCF0096C07E /* Debug */ = {
			isa = XCBuildConfiguration;
			buildSettings = {
				ASSETCATALOG_COMPILER_APPICON_NAME = AppIcon;
				INFOPLIST_FILE = iOSDev2015/Info.plist;
				LD_RUNPATH_SEARCH_PATHS = "$(inherited) @executable_path/Frameworks";
				PRODUCT_NAME = "$(TARGET_NAME)";
			};
			name = Debug;
		};
		656DE81B1B517FCF0096C07E /* Release */ = {
			isa = XCBuildConfiguration;
			buildSettings = {
				ASSETCATALOG_COMPILER_APPICON_NAME = AppIcon;
				INFOPLIST_FILE = iOSDev2015/Info.plist;
				LD_RUNPATH_SEARCH_PATHS = "$(inherited) @executable_path/Frameworks";
				PRODUCT_NAME = "$(TARGET_NAME)";
			};
			name = Release;
		};
		656DE81D1B517FCF0096C07E /* Debug */ = {
			isa = XCBuildConfiguration;
			buildSettings = {
				BUNDLE_LOADER = "$(TEST_HOST)";
				FRAMEWORK_SEARCH_PATHS = (
					"$(SDKROOT)/Developer/Library/Frameworks",
					"$(inherited)",
				);
				GCC_PREPROCESSOR_DEFINITIONS = (
					"DEBUG=1",
					"$(inherited)",
				);
				INFOPLIST_FILE = iOSDev2015Tests/Info.plist;
				LD_RUNPATH_SEARCH_PATHS = "$(inherited) @executable_path/Frameworks @loader_path/Frameworks";
				PRODUCT_NAME = "$(TARGET_NAME)";
				TEST_HOST = "$(BUILT_PRODUCTS_DIR)/iOSDev2015.app/iOSDev2015";
			};
			name = Debug;
		};
		656DE81E1B517FCF0096C07E /* Release */ = {
			isa = XCBuildConfiguration;
			buildSettings = {
				BUNDLE_LOADER = "$(TEST_HOST)";
				FRAMEWORK_SEARCH_PATHS = (
					"$(SDKROOT)/Developer/Library/Frameworks",
					"$(inherited)",
				);
				INFOPLIST_FILE = iOSDev2015Tests/Info.plist;
				LD_RUNPATH_SEARCH_PATHS = "$(inherited) @executable_path/Frameworks @loader_path/Frameworks";
				PRODUCT_NAME = "$(TARGET_NAME)";
				TEST_HOST = "$(BUILT_PRODUCTS_DIR)/iOSDev2015.app/iOSDev2015";
			};
			name = Release;
		};
/* End XCBuildConfiguration section */

/* Begin XCConfigurationList section */
		656DE7F51B517FCE0096C07E /* Build configuration list for PBXProject "iOSDev2015" */ = {
			isa = XCConfigurationList;
			buildConfigurations = (
				656DE8171B517FCF0096C07E /* Debug */,
				656DE8181B517FCF0096C07E /* Release */,
			);
			defaultConfigurationIsVisible = 0;
			defaultConfigurationName = Release;
		};
		656DE8191B517FCF0096C07E /* Build configuration list for PBXNativeTarget "iOSDev2015" */ = {
			isa = XCConfigurationList;
			buildConfigurations = (
				656DE81A1B517FCF0096C07E /* Debug */,
				656DE81B1B517FCF0096C07E /* Release */,
			);
			defaultConfigurationIsVisible = 0;
		};
		656DE81C1B517FCF0096C07E /* Build configuration list for PBXNativeTarget "iOSDev2015Tests" */ = {
			isa = XCConfigurationList;
			buildConfigurations = (
				656DE81D1B517FCF0096C07E /* Debug */,
				656DE81E1B517FCF0096C07E /* Release */,
			);
			defaultConfigurationIsVisible = 0;
		};
/* End XCConfigurationList section */
	};
	rootObject = 656DE7F21B517FCE0096C07E /* Project object */;
}
