// !$*UTF8*$!
{
	archiveVersion = 1;
	classes = {
	};
	objectVersion = 46;
	objects = {

/* Begin PBXBuildFile section */
		656DE8001B517FCE0096C07E /* AppDelegate.swift in Sources */ = {isa = PBXBuildFile; fileRef = 656DE7FF1B517FCE0096C07E /* AppDelegate.swift */; };
		656DE8021B517FCE0096C07E /* ViewController.swift in Sources */ = {isa = PBXBuildFile; fileRef = 656DE8011B517FCE0096C07E /* ViewController.swift */; };
		656DE8051B517FCE0096C07E /* Main.storyboard in Resources */ = {isa = PBXBuildFile; fileRef = 656DE8031B517FCE0096C07E /* Main.storyboard */; };
		656DE8071B517FCE0096C07E /* Images.xcassets in Resources */ = {isa = PBXBuildFile; fileRef = 656DE8061B517FCE0096C07E /* Images.xcassets */; };
		656DE80A1B517FCE0096C07E /* LaunchScreen.xib in Resources */ = {isa = PBXBuildFile; fileRef = 656DE8081B517FCE0096C07E /* LaunchScreen.xib */; };
		656DE8161B517FCF0096C07E /* iOSDev2015Tests.swift in Sources */ = {isa = PBXBuildFile; fileRef = 656DE8151B517FCF0096C07E /* iOSDev2015Tests.swift */; };
		656DE8221B519F240096C07E /* hand.png in Resources */ = {isa = PBXBuildFile; fileRef = 656DE8211B519F240096C07E /* hand.png */; };
		656DE8251B51A4D00096C07E /* MapKit.framework in Frameworks */ = {isa = PBXBuildFile; fileRef = 656DE8241B51A4D00096C07E /* MapKit.framework */; };
		656DE8271B51ABA90096C07E /* waves.png in Resources */ = {isa = PBXBuildFile; fileRef = 656DE8261B51ABA90096C07E /* waves.png */; };
		656DE82A1B51B8000096C07E /* hand2.png in Resources */ = {isa = PBXBuildFile; fileRef = 656DE8281B51B8000096C07E /* hand2.png */; };
		656DE82B1B51B8000096C07E /* waves2.png in Resources */ = {isa = PBXBuildFile; fileRef = 656DE8291B51B8000096C07E /* waves2.png */; };
		656DE82D1B51B86B0096C07E /* background.png in Resources */ = {isa = PBXBuildFile; fileRef = 656DE82C1B51B86B0096C07E /* background.png */; };
		656DE82F1B51BB870096C07E /* photo-1425136738262-212551713a58.png in Resources */ = {isa = PBXBuildFile; fileRef = 656DE82E1B51BB870096C07E /* photo-1425136738262-212551713a58.png */; };
		660DB3091B51820B00FE4344 /* SenseSdk.framework in Frameworks */ = {isa = PBXBuildFile; fileRef = 660DB3081B51820B00FE4344 /* SenseSdk.framework */; };
		660DB30B1B51825100FE4344 /* CoreMotion.framework in Frameworks */ = {isa = PBXBuildFile; fileRef = 660DB30A1B51825100FE4344 /* CoreMotion.framework */; };
		660DB30D1B51826600FE4344 /* CoreLocation.framework in Frameworks */ = {isa = PBXBuildFile; fileRef = 660DB30C1B51826600FE4344 /* CoreLocation.framework */; };
		660DB30F1B51826F00FE4344 /* SystemConfiguration.framework in Frameworks */ = {isa = PBXBuildFile; fileRef = 660DB30E1B51826F00FE4344 /* SystemConfiguration.framework */; };
		660DB3111B51827600FE4344 /* libz.dylib in Frameworks */ = {isa = PBXBuildFile; fileRef = 660DB3101B51827600FE4344 /* libz.dylib */; };
		660DB3121B5182C200FE4344 /* SenseSdk.framework in Frameworks */ = {isa = PBXBuildFile; fileRef = 660DB3081B51820B00FE4344 /* SenseSdk.framework */; };
		660DB3131B5182C200FE4344 /* SenseSdk.framework in Embed Frameworks */ = {isa = PBXBuildFile; fileRef = 660DB3081B51820B00FE4344 /* SenseSdk.framework */; settings = {ATTRIBUTES = (CodeSignOnCopy, RemoveHeadersOnCopy, ); }; };
		66924B481B51A1BD00CE86BF /* GenericRestaurantCallback.swift in Sources */ = {isa = PBXBuildFile; fileRef = 66924B471B51A1BD00CE86BF /* GenericRestaurantCallback.swift */; };
/* End PBXBuildFile section */

/* Begin PBXContainerItemProxy section */
		656DE8101B517FCF0096C07E /* PBXContainerItemProxy */ = {
			isa = PBXContainerItemProxy;
			containerPortal = 656DE7F21B517FCE0096C07E /* Project object */;
			proxyType = 1;
			remoteGlobalIDString = 656DE7F91B517FCE0096C07E;
			remoteInfo = iOSDev2015;
		};
/* End PBXContainerItemProxy section */

/* Begin PBXCopyFilesBuildPhase section */
		660DB3141B5182C200FE4344 /* Embed Frameworks */ = {
			isa = PBXCopyFilesBuildPhase;
			buildActionMask = 2147483647;
			dstPath = "";
			dstSubfolderSpec = 10;
			files = (
				660DB3131B5182C200FE4344 /* SenseSdk.framework in Embed Frameworks */,
			);
			name = "Embed Frameworks";
			runOnlyForDeploymentPostprocessing = 0;
		};
/* End PBXCopyFilesBuildPhase section */

/* Begin PBXFileReference section */
		656DE7FA1B517FCE0096C07E /* iOSDev2015.app */ = {isa = PBXFileReference; explicitFileType = wrapper.application; includeInIndex = 0; path = iOSDev2015.app; sourceTree = BUILT_PRODUCTS_DIR; };
		656DE7FE1B517FCE0096C07E /* Info.plist */ = {isa = PBXFileReference; lastKnownFileType = text.plist.xml; path = Info.plist; sourceTree = "<group>"; };
		656DE7FF1B517FCE0096C07E /* AppDelegate.swift */ = {isa = PBXFileReference; lastKnownFileType = sourcecode.swift; path = AppDelegate.swift; sourceTree = "<group>"; };
		656DE8011B517FCE0096C07E /* ViewController.swift */ = {isa = PBXFileReference; lastKnownFileType = sourcecode.swift; path = ViewController.swift; sourceTree = "<group>"; };
		656DE8041B517FCE0096C07E /* Base */ = {isa = PBXFileReference; lastKnownFileType = file.storyboard; name = Base; path = Base.lproj/Main.storyboard; sourceTree = "<group>"; };
		656DE8061B517FCE0096C07E /* Images.xcassets */ = {isa = PBXFileReference; lastKnownFileType = folder.assetcatalog; path = Images.xcassets; sourceTree = "<group>"; };
		656DE8091B517FCE0096C07E /* Base */ = {isa = PBXFileReference; lastKnownFileType = file.xib; name = Base; path = Base.lproj/LaunchScreen.xib; sourceTree = "<group>"; };
		656DE80F1B517FCF0096C07E /* iOSDev2015Tests.xctest */ = {isa = PBXFileReference; explicitFileType = wrapper.cfbundle; includeInIndex = 0; path = iOSDev2015Tests.xctest; sourceTree = BUILT_PRODUCTS_DIR; };
		656DE8141B517FCF0096C07E /* Info.plist */ = {isa = PBXFileReference; lastKnownFileType = text.plist.xml; path = Info.plist; sourceTree = "<group>"; };
		656DE8151B517FCF0096C07E /* iOSDev2015Tests.swift */ = {isa = PBXFileReference; lastKnownFileType = sourcecode.swift; path = iOSDev2015Tests.swift; sourceTree = "<group>"; };
		656DE8211B519F240096C07E /* hand.png */ = {isa = PBXFileReference; lastKnownFileType = image.png; path = hand.png; sourceTree = "<group>"; };
		656DE8241B51A4D00096C07E /* MapKit.framework */ = {isa = PBXFileReference; lastKnownFileType = wrapper.framework; name = MapKit.framework; path = System/Library/Frameworks/MapKit.framework; sourceTree = SDKROOT; };
		656DE8261B51ABA90096C07E /* waves.png */ = {isa = PBXFileReference; lastKnownFileType = image.png; path = waves.png; sourceTree = "<group>"; };
		656DE8281B51B8000096C07E /* hand2.png */ = {isa = PBXFileReference; lastKnownFileType = image.png; path = hand2.png; sourceTree = "<group>"; };
		656DE8291B51B8000096C07E /* waves2.png */ = {isa = PBXFileReference; lastKnownFileType = image.png; path = waves2.png; sourceTree = "<group>"; };
		656DE82C1B51B86B0096C07E /* background.png */ = {isa = PBXFileReference; lastKnownFileType = image.png; path = background.png; sourceTree = "<group>"; };
		656DE82E1B51BB870096C07E /* photo-1425136738262-212551713a58.png */ = {isa = PBXFileReference; lastKnownFileType = image.png; path = "photo-1425136738262-212551713a58.png"; sourceTree = "<group>"; };
		660DB3081B51820B00FE4344 /* SenseSdk.framework */ = {isa = PBXFileReference; lastKnownFileType = wrapper.framework; path = SenseSdk.framework; sourceTree = "<group>"; };
		660DB30A1B51825100FE4344 /* CoreMotion.framework */ = {isa = PBXFileReference; lastKnownFileType = wrapper.framework; name = CoreMotion.framework; path = System/Library/Frameworks/CoreMotion.framework; sourceTree = SDKROOT; };
		660DB30C1B51826600FE4344 /* CoreLocation.framework */ = {isa = PBXFileReference; lastKnownFileType = wrapper.framework; name = CoreLocation.framework; path = System/Library/Frameworks/CoreLocation.framework; sourceTree = SDKROOT; };
		660DB30E1B51826F00FE4344 /* SystemConfiguration.framework */ = {isa = PBXFileReference; lastKnownFileType = wrapper.framework; name = SystemConfiguration.framework; path = System/Library/Frameworks/SystemConfiguration.framework; sourceTree = SDKROOT; };
		660DB3101B51827600FE4344 /* libz.dylib */ = {isa = PBXFileReference; lastKnownFileType = "compiled.mach-o.dylib"; name = libz.dylib; path = usr/lib/libz.dylib; sourceTree = SDKROOT; };
		66924B471B51A1BD00CE86BF /* GenericRestaurantCallback.swift */ = {isa = PBXFileReference; fileEncoding = 4; lastKnownFileType = sourcecode.swift; path = GenericRestaurantCallback.swift; sourceTree = "<group>"; };
/* End PBXFileReference section */

/* Begin PBXFrameworksBuildPhase section */
		656DE7F71B517FCE0096C07E /* Frameworks */ = {
			isa = PBXFrameworksBuildPhase;
			buildActionMask = 2147483647;
			files = (
				656DE8251B51A4D00096C07E /* MapKit.framework in Frameworks */,
				660DB3111B51827600FE4344 /* libz.dylib in Frameworks */,
				660DB30F1B51826F00FE4344 /* SystemConfiguration.framework in Frameworks */,
				660DB3121B5182C200FE4344 /* SenseSdk.framework in Frameworks */,
				660DB30D1B51826600FE4344 /* CoreLocation.framework in Frameworks */,
				660DB30B1B51825100FE4344 /* CoreMotion.framework in Frameworks */,
				660DB3091B51820B00FE4344 /* SenseSdk.framework in Frameworks */,
			);
			runOnlyForDeploymentPostprocessing = 0;
		};
		656DE80C1B517FCF0096C07E /* Frameworks */ = {
			isa = PBXFrameworksBuildPhase;
			buildActionMask = 2147483647;
			files = (
			);
			runOnlyForDeploymentPostprocessing = 0;
		};
/* End PBXFrameworksBuildPhase section */

/* Begin PBXGroup section */
		656DE7F11B517FCE0096C07E = {
			isa = PBXGroup;
			children = (
				656DE8241B51A4D00096C07E /* MapKit.framework */,
				660DB3101B51827600FE4344 /* libz.dylib */,
				660DB30E1B51826F00FE4344 /* SystemConfiguration.framework */,
				660DB30C1B51826600FE4344 /* CoreLocation.framework */,
				660DB30A1B51825100FE4344 /* CoreMotion.framework */,
				656DE7FC1B517FCE0096C07E /* iOSDev2015 */,
				656DE8121B517FCF0096C07E /* iOSDev2015Tests */,
				656DE7FB1B517FCE0096C07E /* Products */,
				656DE8231B519F5E0096C07E /* Assets */,
			);
			sourceTree = "<group>";
		};
		656DE7FB1B517FCE0096C07E /* Products */ = {
			isa = PBXGroup;
			children = (
				656DE7FA1B517FCE0096C07E /* iOSDev2015.app */,
				656DE80F1B517FCF0096C07E /* iOSDev2015Tests.xctest */,
			);
			name = Products;
			sourceTree = "<group>";
		};
		656DE7FC1B517FCE0096C07E /* iOSDev2015 */ = {
			isa = PBXGroup;
			children = (
				660DB3081B51820B00FE4344 /* SenseSdk.framework */,
				656DE7FF1B517FCE0096C07E /* AppDelegate.swift */,
				66924B471B51A1BD00CE86BF /* GenericRestaurantCallback.swift */,
				656DE8011B517FCE0096C07E /* ViewController.swift */,
				656DE8031B517FCE0096C07E /* Main.storyboard */,
				656DE8061B517FCE0096C07E /* Images.xcassets */,
				656DE8081B517FCE0096C07E /* LaunchScreen.xib */,
				656DE7FD1B517FCE0096C07E /* Supporting Files */,
			);
			path = iOSDev2015;
			sourceTree = "<group>";
		};
		656DE7FD1B517FCE0096C07E /* Supporting Files */ = {
			isa = PBXGroup;
			children = (
				656DE7FE1B517FCE0096C07E /* Info.plist */,
			);
			name = "Supporting Files";
			sourceTree = "<group>";
		};
		656DE8121B517FCF0096C07E /* iOSDev2015Tests */ = {
			isa = PBXGroup;
			children = (
				656DE8151B517FCF0096C07E /* iOSDev2015Tests.swift */,
				656DE8131B517FCF0096C07E /* Supporting Files */,
			);
			path = iOSDev2015Tests;
			sourceTree = "<group>";
		};
		656DE8131B517FCF0096C07E /* Supporting Files */ = {
			isa = PBXGroup;
			children = (
				656DE8141B517FCF0096C07E /* Info.plist */,
			);
			name = "Supporting Files";
			sourceTree = "<group>";
		};
		656DE8231B519F5E0096C07E /* Assets */ = {
			isa = PBXGroup;
			children = (
				656DE8261B51ABA90096C07E /* waves.png */,
				656DE8211B519F240096C07E /* hand.png */,
				656DE8281B51B8000096C07E /* hand2.png */,
				656DE8291B51B8000096C07E /* waves2.png */,
				656DE82C1B51B86B0096C07E /* background.png */,
				656DE82E1B51BB870096C07E /* photo-1425136738262-212551713a58.png */,
			);
			name = Assets;
			sourceTree = "<group>";
		};
/* End PBXGroup section */

/* Begin PBXNativeTarget section */
		656DE7F91B517FCE0096C07E /* iOSDev2015 */ = {
			isa = PBXNativeTarget;
			buildConfigurationList = 656DE8191B517FCF0096C07E /* Build configuration list for PBXNativeTarget "iOSDev2015" */;
			buildPhases = (
				656DE7F61B517FCE0096C07E /* Sources */,
				656DE7F71B517FCE0096C07E /* Frameworks */,
				656DE7F81B517FCE0096C07E /* Resources */,
				660DB3141B5182C200FE4344 /* Embed Frameworks */,
				660DB3151B51832C00FE4344 /* ShellScript */,
			);
			buildRules = (
			);
			dependencies = (
			);
			name = iOSDev2015;
			productName = iOSDev2015;
			productReference = 656DE7FA1B517FCE0096C07E /* iOSDev2015.app */;
			productType = "com.apple.product-type.application";
		};
		656DE80E1B517FCF0096C07E /* iOSDev2015Tests */ = {
			isa = PBXNativeTarget;
			buildConfigurationList = 656DE81C1B517FCF0096C07E /* Build configuration list for PBXNativeTarget "iOSDev2015Tests" */;
			buildPhases = (
				656DE80B1B517FCF0096C07E /* Sources */,
				656DE80C1B517FCF0096C07E /* Frameworks */,
				656DE80D1B517FCF0096C07E /* Resources */,
			);
			buildRules = (
			);
			dependencies = (
				656DE8111B517FCF0096C07E /* PBXTargetDependency */,
			);
			name = iOSDev2015Tests;
			productName = iOSDev2015Tests;
			productReference = 656DE80F1B517FCF0096C07E /* iOSDev2015Tests.xctest */;
			productType = "com.apple.product-type.bundle.unit-test";
		};
/* End PBXNativeTarget section */

/* Begin PBXProject section */
		656DE7F21B517FCE0096C07E /* Project object */ = {
			isa = PBXProject;
			attributes = {
				LastUpgradeCheck = 0640;
				ORGANIZATIONNAME = "Daniel Richards";
				TargetAttributes = {
					656DE7F91B517FCE0096C07E = {
						CreatedOnToolsVersion = 6.4;
						SystemCapabilities = {
							com.apple.BackgroundModes = {
								enabled = 1;
							};
						};
					};
					656DE80E1B517FCF0096C07E = {
						CreatedOnToolsVersion = 6.4;
						TestTargetID = 656DE7F91B517FCE0096C07E;
					};
				};
			};
			buildConfigurationList = 656DE7F51B517FCE0096C07E /* Build configuration list for PBXProject "iOSDev2015" */;
			compatibilityVersion = "Xcode 3.2";
			developmentRegion = English;
			hasScannedForEncodings = 0;
			knownRegions = (
				en,
				Base,
			);
			mainGroup = 656DE7F11B517FCE0096C07E;
			productRefGroup = 656DE7FB1B517FCE0096C07E /* Products */;
			projectDirPath = "";
			projectRoot = "";
			targets = (
				656DE7F91B517FCE0096C07E /* iOSDev2015 */,
				656DE80E1B517FCF0096C07E /* iOSDev2015Tests */,
			);
		};
/* End PBXProject section */

/* Begin PBXResourcesBuildPhase section */
		656DE7F81B517FCE0096C07E /* Resources */ = {
			isa = PBXResourcesBuildPhase;
			buildActionMask = 2147483647;
			files = (
				656DE8051B517FCE0096C07E /* Main.storyboard in Resources */,
				656DE82D1B51B86B0096C07E /* background.png in Resources */,
				656DE82B1B51B8000096C07E /* waves2.png in Resources */,
				656DE8221B519F240096C07E /* hand.png in Resources */,
				656DE82F1B51BB870096C07E /* photo-1425136738262-212551713a58.png in Resources */,
				656DE8271B51ABA90096C07E /* waves.png in Resources */,
				656DE80A1B517FCE0096C07E /* LaunchScreen.xib in Resources */,
				656DE8071B517FCE0096C07E /* Images.xcassets in Resources */,
				656DE82A1B51B8000096C07E /* hand2.png in Resources */,
			);
			runOnlyForDeploymentPostprocessing = 0;
		};
		656DE80D1B517FCF0096C07E /* Resources */ = {
			isa = PBXResourcesBuildPhase;
			buildActionMask = 2147483647;
			files = (
			);
			runOnlyForDeploymentPostprocessing = 0;
		};
/* End PBXResourcesBuildPhase section */

/* Begin PBXShellScriptBuildPhase section */
		660DB3151B51832C00FE4344 /* ShellScript */ = {
			isa = PBXShellScriptBuildPhase;
			buildActionMask = 2147483647;
			files = (
			);
			inputPaths = (
			);
			outputPaths = (
			);
			runOnlyForDeploymentPostprocessing = 0;
			shellPath = /bin/sh;
			shellScript = "# http://ikennd.ac/blog/2015/02/stripping-unwanted-architectures-from-dynamic-libraries-in-xcode/\nAPP_PATH=\"${TARGET_BUILD_DIR}/${WRAPPER_NAME}\"\n# This script strips unused architectures\nfind \"$APP_PATH\" -name 'SenseSdk.framework' -type d | while read -r FRAMEWORK\ndo\nFRAMEWORK_EXECUTABLE_NAME=$(defaults read \"$FRAMEWORK/Info.plist\" CFBundleExecutable)\nFRAMEWORK_EXECUTABLE_PATH=\"$FRAMEWORK/$FRAMEWORK_EXECUTABLE_NAME\"\necho \"Executable is $FRAMEWORK_EXECUTABLE_PATH\"\nEXTRACTED_ARCHS=()\nfor ARCH in $ARCHS\ndo\necho \"Extracting $ARCH from $FRAMEWORK_EXECUTABLE_NAME\"\nlipo -extract \"$ARCH\" \"$FRAMEWORK_EXECUTABLE_PATH\" -o \"$FRAMEWORK_EXECUTABLE_PATH-$ARCH\"\nEXTRACTED_ARCHS+=(\"$FRAMEWORK_EXECUTABLE_PATH-$ARCH\")\ndone\necho \"Merging extracted architectures: ${ARCHS}\"\nlipo -o \"$FRAMEWORK_EXECUTABLE_PATH-merged\" -create \"${EXTRACTED_ARCHS[@]}\"\nrm \"${EXTRACTED_ARCHS[@]}\"\necho \"Replacing original executable with thinned version\"\nrm \"$FRAMEWORK_EXECUTABLE_PATH\"\nmv \"$FRAMEWORK_EXECUTABLE_PATH-merged\" \"$FRAMEWORK_EXECUTABLE_PATH\"\ndone";
		};
/* End PBXShellScriptBuildPhase section */

/* Begin PBXSourcesBuildPhase section */
		656DE7F61B517FCE0096C07E /* Sources */ = {
			isa = PBXSourcesBuildPhase;
			buildActionMask = 2147483647;
			files = (
				656DE8021B517FCE0096C07E /* ViewController.swift in Sources */,
				66924B481B51A1BD00CE86BF /* GenericRestaurantCallback.swift in Sources */,
				656DE8001B517FCE0096C07E /* AppDelegate.swift in Sources */,
			);
			runOnlyForDeploymentPostprocessing = 0;
		};
		656DE80B1B517FCF0096C07E /* Sources */ = {
			isa = PBXSourcesBuildPhase;
			buildActionMask = 2147483647;
			files = (
				656DE8161B517FCF0096C07E /* iOSDev2015Tests.swift in Sources */,
			);
			runOnlyForDeploymentPostprocessing = 0;
		};
/* End PBXSourcesBuildPhase section */

/* Begin PBXTargetDependency section */
		656DE8111B517FCF0096C07E /* PBXTargetDependency */ = {
			isa = PBXTargetDependency;
			target = 656DE7F91B517FCE0096C07E /* iOSDev2015 */;
			targetProxy = 656DE8101B517FCF0096C07E /* PBXContainerItemProxy */;
		};
/* End PBXTargetDependency section */

/* Begin PBXVariantGroup section */
		656DE8031B517FCE0096C07E /* Main.storyboard */ = {
			isa = PBXVariantGroup;
			children = (
				656DE8041B517FCE0096C07E /* Base */,
			);
			name = Main.storyboard;
			sourceTree = "<group>";
		};
		656DE8081B517FCE0096C07E /* LaunchScreen.xib */ = {
			isa = PBXVariantGroup;
			children = (
				656DE8091B517FCE0096C07E /* Base */,
			);
			name = LaunchScreen.xib;
			sourceTree = "<group>";
		};
/* End PBXVariantGroup section */

/* Begin XCBuildConfiguration section */
		656DE8171B517FCF0096C07E /* Debug */ = {
			isa = XCBuildConfiguration;
			buildSettings = {
				ALWAYS_SEARCH_USER_PATHS = NO;
				CLANG_CXX_LANGUAGE_STANDARD = "gnu++0x";
				CLANG_CXX_LIBRARY = "libc++";
				CLANG_ENABLE_MODULES = YES;
				CLANG_ENABLE_OBJC_ARC = YES;
				CLANG_WARN_BOOL_CONVERSION = YES;
				CLANG_WARN_CONSTANT_CONVERSION = YES;
				CLANG_WARN_DIRECT_OBJC_ISA_USAGE = YES_ERROR;
				CLANG_WARN_EMPTY_BODY = YES;
				CLANG_WARN_ENUM_CONVERSION = YES;
				CLANG_WARN_INT_CONVERSION = YES;
				CLANG_WARN_OBJC_ROOT_CLASS = YES_ERROR;
				CLANG_WARN_UNREACHABLE_CODE = YES;
				CLANG_WARN__DUPLICATE_METHOD_MATCH = YES;
				"CODE_SIGN_IDENTITY[sdk=iphoneos*]" = "iPhone Developer";
				COPY_PHASE_STRIP = NO;
				DEBUG_INFORMATION_FORMAT = "dwarf-with-dsym";
				ENABLE_STRICT_OBJC_MSGSEND = YES;
				GCC_C_LANGUAGE_STANDARD = gnu99;
				GCC_DYNAMIC_NO_PIC = NO;
				GCC_NO_COMMON_BLOCKS = YES;
				GCC_OPTIMIZATION_LEVEL = 0;
				GCC_PREPROCESSOR_DEFINITIONS = (
					"DEBUG=1",
					"$(inherited)",
				);
				GCC_SYMBOLS_PRIVATE_EXTERN = NO;
				GCC_WARN_64_TO_32_BIT_CONVERSION = YES;
				GCC_WARN_ABOUT_RETURN_TYPE = YES_ERROR;
				GCC_WARN_UNDECLARED_SELECTOR = YES;
				GCC_WARN_UNINITIALIZED_AUTOS = YES_AGGRESSIVE;
				GCC_WARN_UNUSED_FUNCTION = YES;
				GCC_WARN_UNUSED_VARIABLE = YES;
				IPHONEOS_DEPLOYMENT_TARGET = 8.4;
				MTL_ENABLE_DEBUG_INFO = YES;
				ONLY_ACTIVE_ARCH = YES;
				SDKROOT = iphoneos;
				SWIFT_OPTIMIZATION_LEVEL = "-Onone";
			};
			name = Debug;
		};
		656DE8181B517FCF0096C07E /* Release */ = {
			isa = XCBuildConfiguration;
			buildSettings = {
				ALWAYS_SEARCH_USER_PATHS = NO;
				CLANG_CXX_LANGUAGE_STANDARD = "gnu++0x";
				CLANG_CXX_LIBRARY = "libc++";
				CLANG_ENABLE_MODULES = YES;
				CLANG_ENABLE_OBJC_ARC = YES;
				CLANG_WARN_BOOL_CONVERSION = YES;
				CLANG_WARN_CONSTANT_CONVERSION = YES;
				CLANG_WARN_DIRECT_OBJC_ISA_USAGE = YES_ERROR;
				CLANG_WARN_EMPTY_BODY = YES;
				CLANG_WARN_ENUM_CONVERSION = YES;
				CLANG_WARN_INT_CONVERSION = YES;
				CLANG_WARN_OBJC_ROOT_CLASS = YES_ERROR;
				CLANG_WARN_UNREACHABLE_CODE = YES;
				CLANG_WARN__DUPLICATE_METHOD_MATCH = YES;
				"CODE_SIGN_IDENTITY[sdk=iphoneos*]" = "iPhone Developer";
				COPY_PHASE_STRIP = NO;
				DEBUG_INFORMATION_FORMAT = "dwarf-with-dsym";
				ENABLE_NS_ASSERTIONS = NO;
				ENABLE_STRICT_OBJC_MSGSEND = YES;
				GCC_C_LANGUAGE_STANDARD = gnu99;
				GCC_NO_COMMON_BLOCKS = YES;
				GCC_WARN_64_TO_32_BIT_CONVERSION = YES;
				GCC_WARN_ABOUT_RETURN_TYPE = YES_ERROR;
				GCC_WARN_UNDECLARED_SELECTOR = YES;
				GCC_WARN_UNINITIALIZED_AUTOS = YES_AGGRESSIVE;
				GCC_WARN_UNUSED_FUNCTION = YES;
				GCC_WARN_UNUSED_VARIABLE = YES;
				IPHONEOS_DEPLOYMENT_TARGET = 8.4;
				MTL_ENABLE_DEBUG_INFO = NO;
				SDKROOT = iphoneos;
				VALIDATE_PRODUCT = YES;
			};
			name = Release;
		};
		656DE81A1B517FCF0096C07E /* Debug */ = {
			isa = XCBuildConfiguration;
			buildSettings = {
				ASSETCATALOG_COMPILER_APPICON_NAME = AppIcon;
				FRAMEWORK_SEARCH_PATHS = (
					"$(inherited)",
					"$(PROJECT_DIR)/iOSDev2015",
				);
				INFOPLIST_FILE = iOSDev2015/Info.plist;
				IPHONEOS_DEPLOYMENT_TARGET = 8.2;
				LD_RUNPATH_SEARCH_PATHS = "$(inherited) @executable_path/Frameworks";
				PRODUCT_NAME = "$(TARGET_NAME)";
				TARGETED_DEVICE_FAMILY = 1;
			};
			name = Debug;
		};
		656DE81B1B517FCF0096C07E /* Release */ = {
			isa = XCBuildConfiguration;
			buildSettings = {
				ASSETCATALOG_COMPILER_APPICON_NAME = AppIcon;
				FRAMEWORK_SEARCH_PATHS = (
					"$(inherited)",
					"$(PROJECT_DIR)/iOSDev2015",
				);
				INFOPLIST_FILE = iOSDev2015/Info.plist;
				IPHONEOS_DEPLOYMENT_TARGET = 8.2;
				LD_RUNPATH_SEARCH_PATHS = "$(inherited) @executable_path/Frameworks";
				PRODUCT_NAME = "$(TARGET_NAME)";
				TARGETED_DEVICE_FAMILY = 1;
			};
			name = Release;
		};
		656DE81D1B517FCF0096C07E /* Debug */ = {
			isa = XCBuildConfiguration;
			buildSettings = {
				BUNDLE_LOADER = "$(TEST_HOST)";
				FRAMEWORK_SEARCH_PATHS = (
					"$(SDKROOT)/Developer/Library/Frameworks",
					"$(inherited)",
				);
				GCC_PREPROCESSOR_DEFINITIONS = (
					"DEBUG=1",
					"$(inherited)",
				);
				INFOPLIST_FILE = iOSDev2015Tests/Info.plist;
				LD_RUNPATH_SEARCH_PATHS = "$(inherited) @executable_path/Frameworks @loader_path/Frameworks";
				PRODUCT_NAME = "$(TARGET_NAME)";
				TEST_HOST = "$(BUILT_PRODUCTS_DIR)/iOSDev2015.app/iOSDev2015";
			};
			name = Debug;
		};
		656DE81E1B517FCF0096C07E /* Release */ = {
			isa = XCBuildConfiguration;
			buildSettings = {
				BUNDLE_LOADER = "$(TEST_HOST)";
				FRAMEWORK_SEARCH_PATHS = (
					"$(SDKROOT)/Developer/Library/Frameworks",
					"$(inherited)",
				);
				INFOPLIST_FILE = iOSDev2015Tests/Info.plist;
				LD_RUNPATH_SEARCH_PATHS = "$(inherited) @executable_path/Frameworks @loader_path/Frameworks";
				PRODUCT_NAME = "$(TARGET_NAME)";
				TEST_HOST = "$(BUILT_PRODUCTS_DIR)/iOSDev2015.app/iOSDev2015";
			};
			name = Release;
		};
/* End XCBuildConfiguration section */

/* Begin XCConfigurationList section */
		656DE7F51B517FCE0096C07E /* Build configuration list for PBXProject "iOSDev2015" */ = {
			isa = XCConfigurationList;
			buildConfigurations = (
				656DE8171B517FCF0096C07E /* Debug */,
				656DE8181B517FCF0096C07E /* Release */,
			);
			defaultConfigurationIsVisible = 0;
			defaultConfigurationName = Release;
		};
		656DE8191B517FCF0096C07E /* Build configuration list for PBXNativeTarget "iOSDev2015" */ = {
			isa = XCConfigurationList;
			buildConfigurations = (
				656DE81A1B517FCF0096C07E /* Debug */,
				656DE81B1B517FCF0096C07E /* Release */,
			);
			defaultConfigurationIsVisible = 0;
			defaultConfigurationName = Release;
		};
		656DE81C1B517FCF0096C07E /* Build configuration list for PBXNativeTarget "iOSDev2015Tests" */ = {
			isa = XCConfigurationList;
			buildConfigurations = (
				656DE81D1B517FCF0096C07E /* Debug */,
				656DE81E1B517FCF0096C07E /* Release */,
			);
			defaultConfigurationIsVisible = 0;
			defaultConfigurationName = Release;
		};
/* End XCConfigurationList section */
	};
	rootObject = 656DE7F21B517FCE0096C07E /* Project object */;
}
